
Microsoft Visual Studio Solution File, Format Version 12.00
# Visual Studio Version 17
VisualStudioVersion = 17.14.36908.2 d17.14
MinimumVisualStudioVersion = 10.0.40219.1
Project("{FAE04EC0-301F-11D3-BF4B-00C04F79EFBC}") = "MediaHub", "MediaHub.csproj", "{5D70145F-E4F0-4AB7-A135-45B8DE4B096D}"
EndProject
Global
	GlobalSection(SolutionConfigurationPlatforms) = preSolution
		Debug|Any CPU = Debug|Any CPU
		Release|Any CPU = Release|Any CPU
	EndGlobalSection
	GlobalSection(ProjectConfigurationPlatforms) = postSolution
		{5D70145F-E4F0-4AB7-A135-45B8DE4B096D}.Debug|Any CPU.ActiveCfg = Debug|Any CPU
		{5D70145F-E4F0-4AB7-A135-45B8DE4B096D}.Debug|Any CPU.Build.0 = Debug|Any CPU
		{5D70145F-E4F0-4AB7-A135-45B8DE4B096D}.Release|Any CPU.ActiveCfg = Release|Any CPU
		{5D70145F-E4F0-4AB7-A135-45B8DE4B096D}.Release|Any CPU.Build.0 = Release|Any CPU
	EndGlobalSection
	GlobalSection(SolutionProperties) = preSolution
		HideSolutionNode = FALSE
	EndGlobalSection
	GlobalSection(ExtensibilityGlobals) = postSolution
		SolutionGuid = {4B353518-E07B-4D12-B78C-D584A6E935F1}
	EndGlobalSection
EndGlobal
